
Microsoft Visual Studio Solution File, Format Version 12.00
# Visual Studio Version 16
VisualStudioVersion = 16.0.30523.141
MinimumVisualStudioVersion = 10.0.40219.1
Project("{8BC9CEB8-8B4A-11D0-8D11-00A0C91BC942}") = "c++object02", "c++object02.vcxproj", "{A1489347-22A6-4BCE-9E2A-6AF6A7DD29BD}"
EndProject
Global
	GlobalSection(SolutionConfigurationPlatforms) = preSolution
		Debug|x64 = Debug|x64
		Debug|x86 = Debug|x86
		Release|x64 = Release|x64
		Release|x86 = Release|x86
	EndGlobalSection
	GlobalSection(ProjectConfigurationPlatforms) = postSolution
		{A1489347-22A6-4BCE-9E2A-6AF6A7DD29BD}.Debug|x64.ActiveCfg = Debug|x64
		{A1489347-22A6-4BCE-9E2A-6AF6A7DD29BD}.Debug|x64.Build.0 = Debug|x64
		{A1489347-22A6-4BCE-9E2A-6AF6A7DD29BD}.Debug|x86.ActiveCfg = Debug|Win32
		{A1489347-22A6-4BCE-9E2A-6AF6A7DD29BD}.Debug|x86.Build.0 = Debug|Win32
		{A1489347-22A6-4BCE-9E2A-6AF6A7DD29BD}.Release|x64.ActiveCfg = Release|x64
		{A1489347-22A6-4BCE-9E2A-6AF6A7DD29BD}.Release|x64.Build.0 = Release|x64
		{A1489347-22A6-4BCE-9E2A-6AF6A7DD29BD}.Release|x86.ActiveCfg = Release|Win32
		{A1489347-22A6-4BCE-9E2A-6AF6A7DD29BD}.Release|x86.Build.0 = Release|Win32
	EndGlobalSection
	GlobalSection(SolutionProperties) = preSolution
		HideSolutionNode = FALSE
	EndGlobalSection
	GlobalSection(ExtensibilityGlobals) = postSolution
		SolutionGuid = {A74CC7ED-F9AB-4EDE-B2EB-92CCAFB8A020}
	EndGlobalSection
EndGlobal
